
Microsoft Visual Studio Solution File, Format Version 11.00
# Visual Studio 2010
Project("{FAE04EC0-301F-11D3-BF4B-00C04F79EFBC}") = "YamlDotNet", "YamlDotNet.csproj", "{8074bb13-435e-d2af-9684-f770ccad0c73}"
EndProject
Project("{FAE04EC0-301F-11D3-BF4B-00C04F79EFBC}") = "YamlDotNet.Examples", "YamlDotNet.Examples.csproj", "{4e9094ff-1d06-25f4-b0ee-cba94769d8dc}"
EndProject
Project("{FAE04EC0-301F-11D3-BF4B-00C04F79EFBC}") = "Assembly-CSharp", "Assembly-CSharp.csproj", "{c8b4f31b-8f65-e8c6-6c36-1522409051ae}"
EndProject
Global
	GlobalSection(SolutionConfigurationPlatforms) = preSolution
		Debug|Any CPU = Debug|Any CPU
	EndGlobalSection
	GlobalSection(ProjectConfigurationPlatforms) = postSolution
		{8074bb13-435e-d2af-9684-f770ccad0c73}.Debug|Any CPU.ActiveCfg = Debug|Any CPU
		{8074bb13-435e-d2af-9684-f770ccad0c73}.Debug|Any CPU.Build.0 = Debug|Any CPU
		{4e9094ff-1d06-25f4-b0ee-cba94769d8dc}.Debug|Any CPU.ActiveCfg = Debug|Any CPU
		{4e9094ff-1d06-25f4-b0ee-cba94769d8dc}.Debug|Any CPU.Build.0 = Debug|Any CPU
		{c8b4f31b-8f65-e8c6-6c36-1522409051ae}.Debug|Any CPU.ActiveCfg = Debug|Any CPU
		{c8b4f31b-8f65-e8c6-6c36-1522409051ae}.Debug|Any CPU.Build.0 = Debug|Any CPU
	EndGlobalSection
	GlobalSection(SolutionProperties) = preSolution
		HideSolutionNode = FALSE
	EndGlobalSection
EndGlobal
